// !$*UTF8*$!
{
	archiveVersion = 1;
	classes = {
	};
	objectVersion = 51;
	objects = {

/* Begin PBXBuildFile section */
		B2035A57227DD2B000BE3863 /* Time_ClockingTests.swift in Sources */ = {isa = PBXBuildFile; fileRef = B2035A56227DD2B000BE3863 /* Time_ClockingTests.swift */; };
		B2035A62227DD2B000BE3863 /* Time_ClockingUITests.swift in Sources */ = {isa = PBXBuildFile; fileRef = B2035A61227DD2B000BE3863 /* Time_ClockingUITests.swift */; };
		B241BEF2227E5299001CC666 /* ResourceViewModel.swift in Sources */ = {isa = PBXBuildFile; fileRef = B241BEF1227E5299001CC666 /* ResourceViewModel.swift */; };
		B241BEF4227E52D8001CC666 /* ResourceDetailViewController.swift in Sources */ = {isa = PBXBuildFile; fileRef = B241BEF3227E52D8001CC666 /* ResourceDetailViewController.swift */; };
		B241BEF8227E5349001CC666 /* ResourceDetailViewController.storyboard in Resources */ = {isa = PBXBuildFile; fileRef = B241BEF7227E5349001CC666 /* ResourceDetailViewController.storyboard */; };
		B241BEFB227E945B001CC666 /* Resources.swift in Sources */ = {isa = PBXBuildFile; fileRef = B241BEFA227E945B001CC666 /* Resources.swift */; };
		B241BEFD227E95B6001CC666 /* Customers.swift in Sources */ = {isa = PBXBuildFile; fileRef = B241BEFC227E95B6001CC666 /* Customers.swift */; };
		B241BEFF227E9979001CC666 /* Projects.swift in Sources */ = {isa = PBXBuildFile; fileRef = B241BEFE227E9979001CC666 /* Projects.swift */; };
		B241BF0122805EA1001CC666 /* CustomerViewModel.swift in Sources */ = {isa = PBXBuildFile; fileRef = B241BF0022805EA1001CC666 /* CustomerViewModel.swift */; };
		B241BF032280650B001CC666 /* ProjectViewModel.swift in Sources */ = {isa = PBXBuildFile; fileRef = B241BF022280650B001CC666 /* ProjectViewModel.swift */; };
		B241BF0822814520001CC666 /* Time Clocking.xcdatamodeld in Sources */ = {isa = PBXBuildFile; fileRef = B241BF0622814520001CC666 /* Time Clocking.xcdatamodeld */; };
		B24F5BDB228306FA005600F4 /* Clockings.swift in Sources */ = {isa = PBXBuildFile; fileRef = B24F5BDA228306FA005600F4 /* Clockings.swift */; };
		B2869871227DD81400377112 /* Core Data Class.swift in Sources */ = {isa = PBXBuildFile; fileRef = B2869850227DD81200377112 /* Core Data Class.swift */; };
		B2869872227DD81400377112 /* ClockingDetailViewController.swift in Sources */ = {isa = PBXBuildFile; fileRef = B2869851227DD81200377112 /* ClockingDetailViewController.swift */; };
		B2869873227DD81400377112 /* ClockingDetailViewController.storyboard in Resources */ = {isa = PBXBuildFile; fileRef = B2869852227DD81200377112 /* ClockingDetailViewController.storyboard */; };
		B2869874227DD81400377112 /* MaintenanceViewController.storyboard in Resources */ = {isa = PBXBuildFile; fileRef = B2869853227DD81200377112 /* MaintenanceViewController.storyboard */; };
		B2869876227DD81400377112 /* Main.storyboard in Resources */ = {isa = PBXBuildFile; fileRef = B2869856227DD81200377112 /* Main.storyboard */; };
		B2869879227DD81400377112 /* AppDelegate.swift in Sources */ = {isa = PBXBuildFile; fileRef = B2869859227DD81200377112 /* AppDelegate.swift */; };
		B286987A227DD81400377112 /* ProjectDetailViewController.storyboard in Resources */ = {isa = PBXBuildFile; fileRef = B286985A227DD81200377112 /* ProjectDetailViewController.storyboard */; };
		B286987B227DD81400377112 /* Assets.xcassets in Resources */ = {isa = PBXBuildFile; fileRef = B286985B227DD81200377112 /* Assets.xcassets */; };
		B286987C227DD81400377112 /* SelectionViewController.swift in Sources */ = {isa = PBXBuildFile; fileRef = B286985C227DD81200377112 /* SelectionViewController.swift */; };
		B286987D227DD81400377112 /* SelectionViewController.storyboard in Resources */ = {isa = PBXBuildFile; fileRef = B286985D227DD81200377112 /* SelectionViewController.storyboard */; };
		B286987E227DD81400377112 /* SettingsViewController.swift in Sources */ = {isa = PBXBuildFile; fileRef = B286985E227DD81300377112 /* SettingsViewController.swift */; };
		B286987F227DD81400377112 /* InvoiceViewController.storyboard in Resources */ = {isa = PBXBuildFile; fileRef = B286985F227DD81300377112 /* InvoiceViewController.storyboard */; };
		B2869880227DD81400377112 /* Utility.swift in Sources */ = {isa = PBXBuildFile; fileRef = B2869860227DD81300377112 /* Utility.swift */; };
		B2869881227DD81400377112 /* SettingsViewController.storyboard in Resources */ = {isa = PBXBuildFile; fileRef = B2869861227DD81300377112 /* SettingsViewController.storyboard */; };
		B2869882227DD81400377112 /* Status Menu.swift in Sources */ = {isa = PBXBuildFile; fileRef = B2869862227DD81300377112 /* Status Menu.swift */; };
		B2869884227DD81400377112 /* ProjectDetailViewController.swift in Sources */ = {isa = PBXBuildFile; fileRef = B2869865227DD81300377112 /* ProjectDetailViewController.swift */; };
		B2869885227DD81400377112 /* SettingsViewModel.swift in Sources */ = {isa = PBXBuildFile; fileRef = B2869866227DD81300377112 /* SettingsViewModel.swift */; };
		B2869886227DD81400377112 /* MaintenanceViewController.swift in Sources */ = {isa = PBXBuildFile; fileRef = B2869867227DD81300377112 /* MaintenanceViewController.swift */; };
		B2869887227DD81400377112 /* CustomerDetailViewController.storyboard in Resources */ = {isa = PBXBuildFile; fileRef = B2869868227DD81300377112 /* CustomerDetailViewController.storyboard */; };
		B2869888227DD81400377112 /* CustomerDetailViewController.swift in Sources */ = {isa = PBXBuildFile; fileRef = B2869869227DD81300377112 /* CustomerDetailViewController.swift */; };
		B2869889227DD81400377112 /* String Extensions.swift in Sources */ = {isa = PBXBuildFile; fileRef = B286986A227DD81300377112 /* String Extensions.swift */; };
		B286988A227DD81400377112 /* ClockingViewModel.swift in Sources */ = {isa = PBXBuildFile; fileRef = B286986B227DD81300377112 /* ClockingViewModel.swift */; };
		B286988B227DD81400377112 /* Date Extensions.swift in Sources */ = {isa = PBXBuildFile; fileRef = B286986C227DD81300377112 /* Date Extensions.swift */; };
		B286988C227DD81400377112 /* InvoiceViewController.swift in Sources */ = {isa = PBXBuildFile; fileRef = B286986D227DD81300377112 /* InvoiceViewController.swift */; };
		B286988D227DD81400377112 /* ClockingViewController.storyboard in Resources */ = {isa = PBXBuildFile; fileRef = B286986E227DD81300377112 /* ClockingViewController.storyboard */; };
		B286988F227DD81400377112 /* Core Data Table Viewer.swift in Sources */ = {isa = PBXBuildFile; fileRef = B2869870227DD81400377112 /* Core Data Table Viewer.swift */; };
		B2ACC70F229819590036C762 /* ProjectDetailViewController.swift in Sources */ = {isa = PBXBuildFile; fileRef = B2869865227DD81300377112 /* ProjectDetailViewController.swift */; };
		B2ACC710229819590036C762 /* Resources.swift in Sources */ = {isa = PBXBuildFile; fileRef = B241BEFA227E945B001CC666 /* Resources.swift */; };
		B2ACC711229819590036C762 /* ClockingViewController.swift in Sources */ = {isa = PBXBuildFile; fileRef = B2C8CBFE2283470F0040CA46 /* ClockingViewController.swift */; };
		B2ACC712229819590036C762 /* Time Clocking.xcdatamodeld in Sources */ = {isa = PBXBuildFile; fileRef = B241BF0622814520001CC666 /* Time Clocking.xcdatamodeld */; };
		B2ACC713229819590036C762 /* SettingsViewModel.swift in Sources */ = {isa = PBXBuildFile; fileRef = B2869866227DD81300377112 /* SettingsViewModel.swift */; };
		B2ACC714229819590036C762 /* ObservablePopupString.swift in Sources */ = {isa = PBXBuildFile; fileRef = B2C8CC002283DD0C0040CA46 /* ObservablePopupString.swift */; };
		B2ACC715229819590036C762 /* SelectionViewController.swift in Sources */ = {isa = PBXBuildFile; fileRef = B286985C227DD81200377112 /* SelectionViewController.swift */; };
		B2ACC716229819590036C762 /* Status Menu.swift in Sources */ = {isa = PBXBuildFile; fileRef = B2869862227DD81300377112 /* Status Menu.swift */; };
		B2ACC717229819590036C762 /* Clockings.swift in Sources */ = {isa = PBXBuildFile; fileRef = B24F5BDA228306FA005600F4 /* Clockings.swift */; };
		B2ACC718229819590036C762 /* AppDelegate.swift in Sources */ = {isa = PBXBuildFile; fileRef = B2869859227DD81200377112 /* AppDelegate.swift */; };
		B2ACC719229819590036C762 /* TimeEntry.swift in Sources */ = {isa = PBXBuildFile; fileRef = B2C8CC04228428A50040CA46 /* TimeEntry.swift */; };
		B2ACC71A229819590036C762 /* ProjectFilterViewController.swift in Sources */ = {isa = PBXBuildFile; fileRef = B2C8CC1022897FB00040CA46 /* ProjectFilterViewController.swift */; };
		B2ACC71B229819590036C762 /* Customers.swift in Sources */ = {isa = PBXBuildFile; fileRef = B241BEFC227E95B6001CC666 /* Customers.swift */; };
		B2ACC71C229819590036C762 /* Core Data Table Viewer.swift in Sources */ = {isa = PBXBuildFile; fileRef = B2869870227DD81400377112 /* Core Data Table Viewer.swift */; };
		B2ACC71D229819590036C762 /* InvoiceViewController.swift in Sources */ = {isa = PBXBuildFile; fileRef = B286986D227DD81300377112 /* InvoiceViewController.swift */; };
		B2ACC71E229819590036C762 /* ResourceViewModel.swift in Sources */ = {isa = PBXBuildFile; fileRef = B241BEF1227E5299001CC666 /* ResourceViewModel.swift */; };
		B2ACC71F229819590036C762 /* ObservablePickerDate.swift in Sources */ = {isa = PBXBuildFile; fileRef = B2C8CC02228410B90040CA46 /* ObservablePickerDate.swift */; };
		B2ACC720229819590036C762 /* Utility.swift in Sources */ = {isa = PBXBuildFile; fileRef = B2869860227DD81300377112 /* Utility.swift */; };
		B2ACC721229819590036C762 /* CustomerDetailMainViewController.swift in Sources */ = {isa = PBXBuildFile; fileRef = B2C8CC1922912AF90040CA46 /* CustomerDetailMainViewController.swift */; };
		B2ACC722229819590036C762 /* ClockingViewModel.swift in Sources */ = {isa = PBXBuildFile; fileRef = B286986B227DD81300377112 /* ClockingViewModel.swift */; };
		B2ACC723229819590036C762 /* Core Data Class.swift in Sources */ = {isa = PBXBuildFile; fileRef = B2869850227DD81200377112 /* Core Data Class.swift */; };
		B2ACC724229819590036C762 /* String Extensions.swift in Sources */ = {isa = PBXBuildFile; fileRef = B286986A227DD81300377112 /* String Extensions.swift */; };
		B2ACC725229819590036C762 /* Date Extensions.swift in Sources */ = {isa = PBXBuildFile; fileRef = B286986C227DD81300377112 /* Date Extensions.swift */; };
		B2ACC726229819590036C762 /* CustomerViewModel.swift in Sources */ = {isa = PBXBuildFile; fileRef = B241BF0022805EA1001CC666 /* CustomerViewModel.swift */; };
		B2ACC727229819590036C762 /* ObservableTextField.swift in Sources */ = {isa = PBXBuildFile; fileRef = B2C8CC0822848C070040CA46 /* ObservableTextField.swift */; };
		B2ACC728229819590036C762 /* DocumentViewModel.swift in Sources */ = {isa = PBXBuildFile; fileRef = B2C8CC17228D4A420040CA46 /* DocumentViewModel.swift */; };
		B2ACC729229819590036C762 /* ProjectViewModel.swift in Sources */ = {isa = PBXBuildFile; fileRef = B241BF022280650B001CC666 /* ProjectViewModel.swift */; };
		B2ACC72A229819590036C762 /* MaintenanceViewController.swift in Sources */ = {isa = PBXBuildFile; fileRef = B2869867227DD81300377112 /* MaintenanceViewController.swift */; };
		B2ACC72B229819590036C762 /* ResourceDetailViewController.swift in Sources */ = {isa = PBXBuildFile; fileRef = B241BEF3227E52D8001CC666 /* ResourceDetailViewController.swift */; };
		B2ACC72C229819590036C762 /* Settings.swift in Sources */ = {isa = PBXBuildFile; fileRef = B2C8CC0C2286CCEB0040CA46 /* Settings.swift */; };
		B2ACC72D229819590036C762 /* CustomerDetailViewController.swift in Sources */ = {isa = PBXBuildFile; fileRef = B2869869227DD81300377112 /* CustomerDetailViewController.swift */; };
		B2ACC72E229819590036C762 /* DocumentViewController.swift in Sources */ = {isa = PBXBuildFile; fileRef = B2C8CC1D2292EC040040CA46 /* DocumentViewController.swift */; };
		B2ACC72F229819590036C762 /* ClockingDetailViewController.swift in Sources */ = {isa = PBXBuildFile; fileRef = B2869851227DD81200377112 /* ClockingDetailViewController.swift */; };
		B2ACC730229819590036C762 /* Maintenance.swift in Sources */ = {isa = PBXBuildFile; fileRef = B2C8CC062284356D0040CA46 /* Maintenance.swift */; };
		B2ACC731229819590036C762 /* Projects.swift in Sources */ = {isa = PBXBuildFile; fileRef = B241BEFE227E9979001CC666 /* Projects.swift */; };
		B2ACC732229819590036C762 /* CustomerDetailInvoiceViewController.swift in Sources */ = {isa = PBXBuildFile; fileRef = B2C8CC1B22912B1F0040CA46 /* CustomerDetailInvoiceViewController.swift */; };
		B2ACC733229819590036C762 /* Documents.swift in Sources */ = {isa = PBXBuildFile; fileRef = B2C8CC14228C19ED0040CA46 /* Documents.swift */; };
		B2ACC734229819590036C762 /* SettingsViewController.swift in Sources */ = {isa = PBXBuildFile; fileRef = B286985E227DD81300377112 /* SettingsViewController.swift */; };
		B2ACC736229819590036C762 /* Pods_Time_Clocking.framework in Frameworks */ = {isa = PBXBuildFile; fileRef = 697D00EA19A18E152F102CB3 /* Pods_Time_Clocking.framework */; };
		B2ACC738229819590036C762 /* CustomerDetailViewController.storyboard in Resources */ = {isa = PBXBuildFile; fileRef = B2869868227DD81300377112 /* CustomerDetailViewController.storyboard */; };
		B2ACC739229819590036C762 /* ProjectFilterViewController.storyboard in Resources */ = {isa = PBXBuildFile; fileRef = B2C8CC0E228977F00040CA46 /* ProjectFilterViewController.storyboard */; };
		B2ACC73A229819590036C762 /* SettingsViewController.storyboard in Resources */ = {isa = PBXBuildFile; fileRef = B2869861227DD81300377112 /* SettingsViewController.storyboard */; };
		B2ACC73B229819590036C762 /* Main.storyboard in Resources */ = {isa = PBXBuildFile; fileRef = B2869856227DD81200377112 /* Main.storyboard */; };
		B2ACC73C229819590036C762 /* ClockingDetailViewController.storyboard in Resources */ = {isa = PBXBuildFile; fileRef = B2869852227DD81200377112 /* ClockingDetailViewController.storyboard */; };
		B2ACC73D229819590036C762 /* ResourceDetailViewController.storyboard in Resources */ = {isa = PBXBuildFile; fileRef = B241BEF7227E5349001CC666 /* ResourceDetailViewController.storyboard */; };
		B2ACC73E229819590036C762 /* MaintenanceViewController.storyboard in Resources */ = {isa = PBXBuildFile; fileRef = B2869853227DD81200377112 /* MaintenanceViewController.storyboard */; };
		B2ACC73F229819590036C762 /* ProjectDetailViewController.storyboard in Resources */ = {isa = PBXBuildFile; fileRef = B286985A227DD81200377112 /* ProjectDetailViewController.storyboard */; };
		B2ACC740229819590036C762 /* SingleDocumentViewController.storyboard in Resources */ = {isa = PBXBuildFile; fileRef = B2C8CC2122930D870040CA46 /* SingleDocumentViewController.storyboard */; };
		B2ACC741229819590036C762 /* DocumentViewController.storyboard in Resources */ = {isa = PBXBuildFile; fileRef = B2C8CC1F2292EC590040CA46 /* DocumentViewController.storyboard */; };
		B2ACC742229819590036C762 /* SelectionViewController.storyboard in Resources */ = {isa = PBXBuildFile; fileRef = B286985D227DD81200377112 /* SelectionViewController.storyboard */; };
		B2ACC743229819590036C762 /* Assets.xcassets in Resources */ = {isa = PBXBuildFile; fileRef = B286985B227DD81200377112 /* Assets.xcassets */; };
		B2ACC744229819590036C762 /* InvoiceViewController.storyboard in Resources */ = {isa = PBXBuildFile; fileRef = B286985F227DD81300377112 /* InvoiceViewController.storyboard */; };
		B2ACC745229819590036C762 /* ClockingViewController.storyboard in Resources */ = {isa = PBXBuildFile; fileRef = B286986E227DD81300377112 /* ClockingViewController.storyboard */; };
		B2ACC75022984DBD0036C762 /* Print Document Class.swift in Sources */ = {isa = PBXBuildFile; fileRef = B2ACC74F22984DBD0036C762 /* Print Document Class.swift */; };
		B2ACC75122984DBD0036C762 /* Print Document Class.swift in Sources */ = {isa = PBXBuildFile; fileRef = B2ACC74F22984DBD0036C762 /* Print Document Class.swift */; };
		B2ACC75322984DCB0036C762 /* Print Document Line Class.swift in Sources */ = {isa = PBXBuildFile; fileRef = B2ACC75222984DCB0036C762 /* Print Document Line Class.swift */; };
		B2ACC75422984DCB0036C762 /* Print Document Line Class.swift in Sources */ = {isa = PBXBuildFile; fileRef = B2ACC75222984DCB0036C762 /* Print Document Line Class.swift */; };
		B2ACC75622999ED40036C762 /* Data Table Viewer.swift in Sources */ = {isa = PBXBuildFile; fileRef = B2ACC75522999ED40036C762 /* Data Table Viewer.swift */; };
		B2ACC75722999ED40036C762 /* Data Table Viewer.swift in Sources */ = {isa = PBXBuildFile; fileRef = B2ACC75522999ED40036C762 /* Data Table Viewer.swift */; };
		B2ACC75C2299ACC70036C762 /* InvoicePreviewViewController.storyboard in Resources */ = {isa = PBXBuildFile; fileRef = B2ACC75B2299ACC70036C762 /* InvoicePreviewViewController.storyboard */; };
		B2ACC75D2299ACC70036C762 /* InvoicePreviewViewController.storyboard in Resources */ = {isa = PBXBuildFile; fileRef = B2ACC75B2299ACC70036C762 /* InvoicePreviewViewController.storyboard */; };
		B2ACC7602299AD2A0036C762 /* InvoicePreviewViewController.swift in Sources */ = {isa = PBXBuildFile; fileRef = B2ACC75E2299AD2A0036C762 /* InvoicePreviewViewController.swift */; };
		B2ACC7612299AD2A0036C762 /* InvoicePreviewViewController.swift in Sources */ = {isa = PBXBuildFile; fileRef = B2ACC75E2299AD2A0036C762 /* InvoicePreviewViewController.swift */; };
		B2C8CBFF2283470F0040CA46 /* ClockingViewController.swift in Sources */ = {isa = PBXBuildFile; fileRef = B2C8CBFE2283470F0040CA46 /* ClockingViewController.swift */; };
		B2C8CC012283DD0C0040CA46 /* ObservablePopupString.swift in Sources */ = {isa = PBXBuildFile; fileRef = B2C8CC002283DD0C0040CA46 /* ObservablePopupString.swift */; };
		B2C8CC03228410B90040CA46 /* ObservablePickerDate.swift in Sources */ = {isa = PBXBuildFile; fileRef = B2C8CC02228410B90040CA46 /* ObservablePickerDate.swift */; };
		B2C8CC05228428A50040CA46 /* TimeEntry.swift in Sources */ = {isa = PBXBuildFile; fileRef = B2C8CC04228428A50040CA46 /* TimeEntry.swift */; };
		B2C8CC072284356D0040CA46 /* Maintenance.swift in Sources */ = {isa = PBXBuildFile; fileRef = B2C8CC062284356D0040CA46 /* Maintenance.swift */; };
		B2C8CC0922848C070040CA46 /* ObservableTextField.swift in Sources */ = {isa = PBXBuildFile; fileRef = B2C8CC0822848C070040CA46 /* ObservableTextField.swift */; };
		B2C8CC0D2286CCEB0040CA46 /* Settings.swift in Sources */ = {isa = PBXBuildFile; fileRef = B2C8CC0C2286CCEB0040CA46 /* Settings.swift */; };
		B2C8CC0F228977F00040CA46 /* ProjectFilterViewController.storyboard in Resources */ = {isa = PBXBuildFile; fileRef = B2C8CC0E228977F00040CA46 /* ProjectFilterViewController.storyboard */; };
		B2C8CC1222897FB00040CA46 /* ProjectFilterViewController.swift in Sources */ = {isa = PBXBuildFile; fileRef = B2C8CC1022897FB00040CA46 /* ProjectFilterViewController.swift */; };
		B2C8CC15228C19ED0040CA46 /* Documents.swift in Sources */ = {isa = PBXBuildFile; fileRef = B2C8CC14228C19ED0040CA46 /* Documents.swift */; };
		B2C8CC18228D4A420040CA46 /* DocumentViewModel.swift in Sources */ = {isa = PBXBuildFile; fileRef = B2C8CC17228D4A420040CA46 /* DocumentViewModel.swift */; };
		B2C8CC1A22912AF90040CA46 /* CustomerDetailMainViewController.swift in Sources */ = {isa = PBXBuildFile; fileRef = B2C8CC1922912AF90040CA46 /* CustomerDetailMainViewController.swift */; };
		B2C8CC1C22912B1F0040CA46 /* CustomerDetailInvoiceViewController.swift in Sources */ = {isa = PBXBuildFile; fileRef = B2C8CC1B22912B1F0040CA46 /* CustomerDetailInvoiceViewController.swift */; };
		B2C8CC1E2292EC040040CA46 /* DocumentViewController.swift in Sources */ = {isa = PBXBuildFile; fileRef = B2C8CC1D2292EC040040CA46 /* DocumentViewController.swift */; };
		B2C8CC202292EC590040CA46 /* DocumentViewController.storyboard in Resources */ = {isa = PBXBuildFile; fileRef = B2C8CC1F2292EC590040CA46 /* DocumentViewController.storyboard */; };
		B2C8CC2222930D870040CA46 /* SingleDocumentViewController.storyboard in Resources */ = {isa = PBXBuildFile; fileRef = B2C8CC2122930D870040CA46 /* SingleDocumentViewController.storyboard */; };
		F85B3FBBBC5288E74E25D57A /* Pods_Time_Clocking.framework in Frameworks */ = {isa = PBXBuildFile; fileRef = 697D00EA19A18E152F102CB3 /* Pods_Time_Clocking.framework */; };
/* End PBXBuildFile section */

/* Begin PBXContainerItemProxy section */
		B2035A53227DD2B000BE3863 /* PBXContainerItemProxy */ = {
			isa = PBXContainerItemProxy;
			containerPortal = B2035A38227DD2AF00BE3863 /* Project object */;
			proxyType = 1;
			remoteGlobalIDString = B2035A3F227DD2AF00BE3863;
			remoteInfo = "Time Clocking";
		};
		B2035A5E227DD2B000BE3863 /* PBXContainerItemProxy */ = {
			isa = PBXContainerItemProxy;
			containerPortal = B2035A38227DD2AF00BE3863 /* Project object */;
			proxyType = 1;
			remoteGlobalIDString = B2035A3F227DD2AF00BE3863;
			remoteInfo = "Time Clocking";
		};
/* End PBXContainerItemProxy section */

/* Begin PBXFileReference section */
		13BF53A8643CD37144B89B64 /* Pods-Time Clocking.release.xcconfig */ = {isa = PBXFileReference; includeInIndex = 1; lastKnownFileType = text.xcconfig; name = "Pods-Time Clocking.release.xcconfig"; path = "Pods/Target Support Files/Pods-Time Clocking/Pods-Time Clocking.release.xcconfig"; sourceTree = "<group>"; };
		697D00EA19A18E152F102CB3 /* Pods_Time_Clocking.framework */ = {isa = PBXFileReference; explicitFileType = wrapper.framework; includeInIndex = 0; path = Pods_Time_Clocking.framework; sourceTree = BUILT_PRODUCTS_DIR; };
		7F866EB9586651764051827B /* Pods-Time Clocking.debug.xcconfig */ = {isa = PBXFileReference; includeInIndex = 1; lastKnownFileType = text.xcconfig; name = "Pods-Time Clocking.debug.xcconfig"; path = "Pods/Target Support Files/Pods-Time Clocking/Pods-Time Clocking.debug.xcconfig"; sourceTree = "<group>"; };
		B2035A40227DD2AF00BE3863 /* Time Clocking.app */ = {isa = PBXFileReference; explicitFileType = wrapper.application; includeInIndex = 0; path = "Time Clocking.app"; sourceTree = BUILT_PRODUCTS_DIR; };
		B2035A52227DD2B000BE3863 /* Time ClockingTests.xctest */ = {isa = PBXFileReference; explicitFileType = wrapper.cfbundle; includeInIndex = 0; path = "Time ClockingTests.xctest"; sourceTree = BUILT_PRODUCTS_DIR; };
		B2035A56227DD2B000BE3863 /* Time_ClockingTests.swift */ = {isa = PBXFileReference; lastKnownFileType = sourcecode.swift; path = Time_ClockingTests.swift; sourceTree = "<group>"; };
		B2035A58227DD2B000BE3863 /* Info.plist */ = {isa = PBXFileReference; lastKnownFileType = text.plist.xml; path = Info.plist; sourceTree = "<group>"; };
		B2035A5D227DD2B000BE3863 /* Time ClockingUITests.xctest */ = {isa = PBXFileReference; explicitFileType = wrapper.cfbundle; includeInIndex = 0; path = "Time ClockingUITests.xctest"; sourceTree = BUILT_PRODUCTS_DIR; };
		B2035A61227DD2B000BE3863 /* Time_ClockingUITests.swift */ = {isa = PBXFileReference; lastKnownFileType = sourcecode.swift; path = Time_ClockingUITests.swift; sourceTree = "<group>"; };
		B2035A63227DD2B000BE3863 /* Info.plist */ = {isa = PBXFileReference; lastKnownFileType = text.plist.xml; path = Info.plist; sourceTree = "<group>"; };
		B241BEF1227E5299001CC666 /* ResourceViewModel.swift */ = {isa = PBXFileReference; lastKnownFileType = sourcecode.swift; path = ResourceViewModel.swift; sourceTree = "<group>"; };
		B241BEF3227E52D8001CC666 /* ResourceDetailViewController.swift */ = {isa = PBXFileReference; lastKnownFileType = sourcecode.swift; path = ResourceDetailViewController.swift; sourceTree = "<group>"; };
		B241BEF7227E5349001CC666 /* ResourceDetailViewController.storyboard */ = {isa = PBXFileReference; lastKnownFileType = file.storyboard; path = ResourceDetailViewController.storyboard; sourceTree = "<group>"; };
		B241BEFA227E945B001CC666 /* Resources.swift */ = {isa = PBXFileReference; lastKnownFileType = sourcecode.swift; path = Resources.swift; sourceTree = "<group>"; };
		B241BEFC227E95B6001CC666 /* Customers.swift */ = {isa = PBXFileReference; lastKnownFileType = sourcecode.swift; path = Customers.swift; sourceTree = "<group>"; };
		B241BEFE227E9979001CC666 /* Projects.swift */ = {isa = PBXFileReference; lastKnownFileType = sourcecode.swift; path = Projects.swift; sourceTree = "<group>"; };
		B241BF0022805EA1001CC666 /* CustomerViewModel.swift */ = {isa = PBXFileReference; lastKnownFileType = sourcecode.swift; path = CustomerViewModel.swift; sourceTree = "<group>"; };
		B241BF022280650B001CC666 /* ProjectViewModel.swift */ = {isa = PBXFileReference; lastKnownFileType = sourcecode.swift; path = ProjectViewModel.swift; sourceTree = "<group>"; };
		B241BF0722814520001CC666 /* Time Clock.xcdatamodel */ = {isa = PBXFileReference; lastKnownFileType = wrapper.xcdatamodel; path = "Time Clock.xcdatamodel"; sourceTree = "<group>"; };
		B24F5BDA228306FA005600F4 /* Clockings.swift */ = {isa = PBXFileReference; lastKnownFileType = sourcecode.swift; path = Clockings.swift; sourceTree = "<group>"; };
		B2869850227DD81200377112 /* Core Data Class.swift */ = {isa = PBXFileReference; fileEncoding = 4; lastKnownFileType = sourcecode.swift; path = "Core Data Class.swift"; sourceTree = "<group>"; };
		B2869851227DD81200377112 /* ClockingDetailViewController.swift */ = {isa = PBXFileReference; fileEncoding = 4; lastKnownFileType = sourcecode.swift; path = ClockingDetailViewController.swift; sourceTree = "<group>"; };
		B2869852227DD81200377112 /* ClockingDetailViewController.storyboard */ = {isa = PBXFileReference; fileEncoding = 4; lastKnownFileType = file.storyboard; path = ClockingDetailViewController.storyboard; sourceTree = "<group>"; };
		B2869853227DD81200377112 /* MaintenanceViewController.storyboard */ = {isa = PBXFileReference; fileEncoding = 4; lastKnownFileType = file.storyboard; path = MaintenanceViewController.storyboard; sourceTree = "<group>"; };
		B2869854227DD81200377112 /* Time_Clocking.entitlements */ = {isa = PBXFileReference; fileEncoding = 4; lastKnownFileType = text.plist.entitlements; path = Time_Clocking.entitlements; sourceTree = "<group>"; };
		B2869856227DD81200377112 /* Main.storyboard */ = {isa = PBXFileReference; fileEncoding = 4; lastKnownFileType = file.storyboard; path = Main.storyboard; sourceTree = "<group>"; };
		B2869859227DD81200377112 /* AppDelegate.swift */ = {isa = PBXFileReference; fileEncoding = 4; lastKnownFileType = sourcecode.swift; path = AppDelegate.swift; sourceTree = "<group>"; };
		B286985A227DD81200377112 /* ProjectDetailViewController.storyboard */ = {isa = PBXFileReference; fileEncoding = 4; lastKnownFileType = file.storyboard; path = ProjectDetailViewController.storyboard; sourceTree = "<group>"; };
		B286985B227DD81200377112 /* Assets.xcassets */ = {isa = PBXFileReference; lastKnownFileType = folder.assetcatalog; path = Assets.xcassets; sourceTree = "<group>"; };
		B286985C227DD81200377112 /* SelectionViewController.swift */ = {isa = PBXFileReference; fileEncoding = 4; lastKnownFileType = sourcecode.swift; path = SelectionViewController.swift; sourceTree = "<group>"; };
		B286985D227DD81200377112 /* SelectionViewController.storyboard */ = {isa = PBXFileReference; fileEncoding = 4; lastKnownFileType = file.storyboard; path = SelectionViewController.storyboard; sourceTree = "<group>"; };
		B286985E227DD81300377112 /* SettingsViewController.swift */ = {isa = PBXFileReference; fileEncoding = 4; lastKnownFileType = sourcecode.swift; path = SettingsViewController.swift; sourceTree = "<group>"; };
		B286985F227DD81300377112 /* InvoiceViewController.storyboard */ = {isa = PBXFileReference; fileEncoding = 4; lastKnownFileType = file.storyboard; path = InvoiceViewController.storyboard; sourceTree = "<group>"; };
		B2869860227DD81300377112 /* Utility.swift */ = {isa = PBXFileReference; fileEncoding = 4; lastKnownFileType = sourcecode.swift; path = Utility.swift; sourceTree = "<group>"; };
		B2869861227DD81300377112 /* SettingsViewController.storyboard */ = {isa = PBXFileReference; fileEncoding = 4; lastKnownFileType = file.storyboard; path = SettingsViewController.storyboard; sourceTree = "<group>"; };
		B2869862227DD81300377112 /* Status Menu.swift */ = {isa = PBXFileReference; fileEncoding = 4; lastKnownFileType = sourcecode.swift; path = "Status Menu.swift"; sourceTree = "<group>"; };
		B2869865227DD81300377112 /* ProjectDetailViewController.swift */ = {isa = PBXFileReference; fileEncoding = 4; lastKnownFileType = sourcecode.swift; path = ProjectDetailViewController.swift; sourceTree = "<group>"; };
		B2869866227DD81300377112 /* SettingsViewModel.swift */ = {isa = PBXFileReference; fileEncoding = 4; lastKnownFileType = sourcecode.swift; path = SettingsViewModel.swift; sourceTree = "<group>"; };
		B2869867227DD81300377112 /* MaintenanceViewController.swift */ = {isa = PBXFileReference; fileEncoding = 4; lastKnownFileType = sourcecode.swift; path = MaintenanceViewController.swift; sourceTree = "<group>"; };
		B2869868227DD81300377112 /* CustomerDetailViewController.storyboard */ = {isa = PBXFileReference; fileEncoding = 4; lastKnownFileType = file.storyboard; path = CustomerDetailViewController.storyboard; sourceTree = "<group>"; };
		B2869869227DD81300377112 /* CustomerDetailViewController.swift */ = {isa = PBXFileReference; fileEncoding = 4; lastKnownFileType = sourcecode.swift; path = CustomerDetailViewController.swift; sourceTree = "<group>"; };
		B286986A227DD81300377112 /* String Extensions.swift */ = {isa = PBXFileReference; fileEncoding = 4; lastKnownFileType = sourcecode.swift; path = "String Extensions.swift"; sourceTree = "<group>"; };
		B286986B227DD81300377112 /* ClockingViewModel.swift */ = {isa = PBXFileReference; fileEncoding = 4; lastKnownFileType = sourcecode.swift; path = ClockingViewModel.swift; sourceTree = "<group>"; };
		B286986C227DD81300377112 /* Date Extensions.swift */ = {isa = PBXFileReference; fileEncoding = 4; lastKnownFileType = sourcecode.swift; path = "Date Extensions.swift"; sourceTree = "<group>"; };
		B286986D227DD81300377112 /* InvoiceViewController.swift */ = {isa = PBXFileReference; fileEncoding = 4; lastKnownFileType = sourcecode.swift; path = InvoiceViewController.swift; sourceTree = "<group>"; };
		B286986E227DD81300377112 /* ClockingViewController.storyboard */ = {isa = PBXFileReference; fileEncoding = 4; lastKnownFileType = file.storyboard; path = ClockingViewController.storyboard; sourceTree = "<group>"; };
		B286986F227DD81300377112 /* Info.plist */ = {isa = PBXFileReference; fileEncoding = 4; lastKnownFileType = text.plist.xml; path = Info.plist; sourceTree = "<group>"; };
		B2869870227DD81400377112 /* Core Data Table Viewer.swift */ = {isa = PBXFileReference; fileEncoding = 4; lastKnownFileType = sourcecode.swift; path = "Core Data Table Viewer.swift"; sourceTree = "<group>"; };
		B2ACC74A229819590036C762 /* Time Clocking Development.app */ = {isa = PBXFileReference; explicitFileType = wrapper.application; includeInIndex = 0; path = "Time Clocking Development.app"; sourceTree = BUILT_PRODUCTS_DIR; };
		B2ACC74B229819590036C762 /* Time Clocking Development-Info.plist */ = {isa = PBXFileReference; lastKnownFileType = text.plist.xml; name = "Time Clocking Development-Info.plist"; path = "/Users/marcshearer/Documents/Xcode projects/Time Clocking/Time Clocking Development-Info.plist"; sourceTree = "<absolute>"; };
		B2ACC74F22984DBD0036C762 /* Print Document Class.swift */ = {isa = PBXFileReference; lastKnownFileType = sourcecode.swift; path = "Print Document Class.swift"; sourceTree = "<group>"; };
		B2ACC75222984DCB0036C762 /* Print Document Line Class.swift */ = {isa = PBXFileReference; lastKnownFileType = sourcecode.swift; path = "Print Document Line Class.swift"; sourceTree = "<group>"; };
		B2ACC75522999ED40036C762 /* Data Table Viewer.swift */ = {isa = PBXFileReference; lastKnownFileType = sourcecode.swift; path = "Data Table Viewer.swift"; sourceTree = "<group>"; };
		B2ACC75B2299ACC70036C762 /* InvoicePreviewViewController.storyboard */ = {isa = PBXFileReference; lastKnownFileType = file.storyboard; path = InvoicePreviewViewController.storyboard; sourceTree = "<group>"; };
		B2ACC75E2299AD2A0036C762 /* InvoicePreviewViewController.swift */ = {isa = PBXFileReference; lastKnownFileType = sourcecode.swift; path = InvoicePreviewViewController.swift; sourceTree = "<group>"; };
		B2C8CBFE2283470F0040CA46 /* ClockingViewController.swift */ = {isa = PBXFileReference; lastKnownFileType = sourcecode.swift; path = ClockingViewController.swift; sourceTree = "<group>"; };
		B2C8CC002283DD0C0040CA46 /* ObservablePopupString.swift */ = {isa = PBXFileReference; lastKnownFileType = sourcecode.swift; path = ObservablePopupString.swift; sourceTree = "<group>"; };
		B2C8CC02228410B90040CA46 /* ObservablePickerDate.swift */ = {isa = PBXFileReference; lastKnownFileType = sourcecode.swift; path = ObservablePickerDate.swift; sourceTree = "<group>"; };
		B2C8CC04228428A50040CA46 /* TimeEntry.swift */ = {isa = PBXFileReference; lastKnownFileType = sourcecode.swift; path = TimeEntry.swift; sourceTree = "<group>"; };
		B2C8CC062284356D0040CA46 /* Maintenance.swift */ = {isa = PBXFileReference; lastKnownFileType = sourcecode.swift; path = Maintenance.swift; sourceTree = "<group>"; };
		B2C8CC0822848C070040CA46 /* ObservableTextField.swift */ = {isa = PBXFileReference; lastKnownFileType = sourcecode.swift; path = ObservableTextField.swift; sourceTree = "<group>"; };
		B2C8CC0C2286CCEB0040CA46 /* Settings.swift */ = {isa = PBXFileReference; lastKnownFileType = sourcecode.swift; path = Settings.swift; sourceTree = "<group>"; };
		B2C8CC0E228977F00040CA46 /* ProjectFilterViewController.storyboard */ = {isa = PBXFileReference; lastKnownFileType = file.storyboard; path = ProjectFilterViewController.storyboard; sourceTree = "<group>"; };
		B2C8CC1022897FB00040CA46 /* ProjectFilterViewController.swift */ = {isa = PBXFileReference; lastKnownFileType = sourcecode.swift; path = ProjectFilterViewController.swift; sourceTree = "<group>"; };
		B2C8CC14228C19ED0040CA46 /* Documents.swift */ = {isa = PBXFileReference; lastKnownFileType = sourcecode.swift; path = Documents.swift; sourceTree = "<group>"; };
		B2C8CC17228D4A420040CA46 /* DocumentViewModel.swift */ = {isa = PBXFileReference; lastKnownFileType = sourcecode.swift; path = DocumentViewModel.swift; sourceTree = "<group>"; };
		B2C8CC1922912AF90040CA46 /* CustomerDetailMainViewController.swift */ = {isa = PBXFileReference; lastKnownFileType = sourcecode.swift; path = CustomerDetailMainViewController.swift; sourceTree = "<group>"; };
		B2C8CC1B22912B1F0040CA46 /* CustomerDetailInvoiceViewController.swift */ = {isa = PBXFileReference; lastKnownFileType = sourcecode.swift; path = CustomerDetailInvoiceViewController.swift; sourceTree = "<group>"; };
		B2C8CC1D2292EC040040CA46 /* DocumentViewController.swift */ = {isa = PBXFileReference; lastKnownFileType = sourcecode.swift; path = DocumentViewController.swift; sourceTree = "<group>"; };
		B2C8CC1F2292EC590040CA46 /* DocumentViewController.storyboard */ = {isa = PBXFileReference; lastKnownFileType = file.storyboard; path = DocumentViewController.storyboard; sourceTree = "<group>"; };
		B2C8CC2122930D870040CA46 /* SingleDocumentViewController.storyboard */ = {isa = PBXFileReference; lastKnownFileType = file.storyboard; path = SingleDocumentViewController.storyboard; sourceTree = "<group>"; };
/* End PBXFileReference section */

/* Begin PBXFrameworksBuildPhase section */
		B2035A3D227DD2AF00BE3863 /* Frameworks */ = {
			isa = PBXFrameworksBuildPhase;
			buildActionMask = 2147483647;
			files = (
				F85B3FBBBC5288E74E25D57A /* Pods_Time_Clocking.framework in Frameworks */,
			);
			runOnlyForDeploymentPostprocessing = 0;
		};
		B2035A4F227DD2B000BE3863 /* Frameworks */ = {
			isa = PBXFrameworksBuildPhase;
			buildActionMask = 2147483647;
			files = (
			);
			runOnlyForDeploymentPostprocessing = 0;
		};
		B2035A5A227DD2B000BE3863 /* Frameworks */ = {
			isa = PBXFrameworksBuildPhase;
			buildActionMask = 2147483647;
			files = (
			);
			runOnlyForDeploymentPostprocessing = 0;
		};
		B2ACC735229819590036C762 /* Frameworks */ = {
			isa = PBXFrameworksBuildPhase;
			buildActionMask = 2147483647;
			files = (
				B2ACC736229819590036C762 /* Pods_Time_Clocking.framework in Frameworks */,
			);
			runOnlyForDeploymentPostprocessing = 0;
		};
/* End PBXFrameworksBuildPhase section */

/* Begin PBXGroup section */
		062C69B362B354E58BD47EDC /* Frameworks */ = {
			isa = PBXGroup;
			children = (
				697D00EA19A18E152F102CB3 /* Pods_Time_Clocking.framework */,
			);
			name = Frameworks;
			sourceTree = "<group>";
		};
		5F838D927D286D884F681037 /* Pods */ = {
			isa = PBXGroup;
			children = (
				7F866EB9586651764051827B /* Pods-Time Clocking.debug.xcconfig */,
				13BF53A8643CD37144B89B64 /* Pods-Time Clocking.release.xcconfig */,
			);
			name = Pods;
			sourceTree = "<group>";
		};
		B2035A37227DD2AF00BE3863 = {
			isa = PBXGroup;
			children = (
				B2035A42227DD2AF00BE3863 /* Time Clocking */,
				B2035A55227DD2B000BE3863 /* Time ClockingTests */,
				B2035A60227DD2B000BE3863 /* Time ClockingUITests */,
				B2035A41227DD2AF00BE3863 /* Products */,
				5F838D927D286D884F681037 /* Pods */,
				062C69B362B354E58BD47EDC /* Frameworks */,
			);
			sourceTree = "<group>";
		};
		B2035A41227DD2AF00BE3863 /* Products */ = {
			isa = PBXGroup;
			children = (
				B2035A40227DD2AF00BE3863 /* Time Clocking.app */,
				B2035A52227DD2B000BE3863 /* Time ClockingTests.xctest */,
				B2035A5D227DD2B000BE3863 /* Time ClockingUITests.xctest */,
				B2ACC74A229819590036C762 /* Time Clocking Development.app */,
			);
			name = Products;
			sourceTree = "<group>";
		};
		B2035A42227DD2AF00BE3863 /* Time Clocking */ = {
			isa = PBXGroup;
			children = (
				B2869890227DD82C00377112 /* Standard Components */,
				B2869891227DD85D00377112 /* Main Classes */,
				B2869892227DD86D00377112 /* Clockings */,
				B2C8CC16228C1A1F0040CA46 /* Documents */,
				B286989D227DD96600377112 /* Invoices and Credits */,
				B2ACC74C22984D3A0036C762 /* Print Abstractions */,
				B2869898227DD8CF00377112 /* Reporting and Invoice Selection */,
				B241BEF9227E93E1001CC666 /* Maintenance */,
				B2869894227DD8A200377112 /* Resources */,
				B2869895227DD8AB00377112 /* Customers */,
				B2869896227DD8B300377112 /* Projects */,
				B2869897227DD8BA00377112 /* Settings */,
				B2869893227DD87700377112 /* Utility & Data Classes */,
			);
			path = "Time Clocking";
			sourceTree = "<group>";
		};
		B2035A55227DD2B000BE3863 /* Time ClockingTests */ = {
			isa = PBXGroup;
			children = (
				B2035A56227DD2B000BE3863 /* Time_ClockingTests.swift */,
				B2035A58227DD2B000BE3863 /* Info.plist */,
			);
			path = "Time ClockingTests";
			sourceTree = "<group>";
		};
		B2035A60227DD2B000BE3863 /* Time ClockingUITests */ = {
			isa = PBXGroup;
			children = (
				B2035A61227DD2B000BE3863 /* Time_ClockingUITests.swift */,
				B2035A63227DD2B000BE3863 /* Info.plist */,
			);
			path = "Time ClockingUITests";
			sourceTree = "<group>";
		};
		B241BEF9227E93E1001CC666 /* Maintenance */ = {
			isa = PBXGroup;
			children = (
				B2C8CC062284356D0040CA46 /* Maintenance.swift */,
				B2869853227DD81200377112 /* MaintenanceViewController.storyboard */,
				B2869867227DD81300377112 /* MaintenanceViewController.swift */,
			);
			name = Maintenance;
			sourceTree = "<group>";
		};
		B2869890227DD82C00377112 /* Standard Components */ = {
			isa = PBXGroup;
			children = (
				B2869859227DD81200377112 /* AppDelegate.swift */,
				B286985B227DD81200377112 /* Assets.xcassets */,
				B286986F227DD81300377112 /* Info.plist */,
				B2ACC74B229819590036C762 /* Time Clocking Development-Info.plist */,
				B2869856227DD81200377112 /* Main.storyboard */,
				B2869854227DD81200377112 /* Time_Clocking.entitlements */,
				B241BF0622814520001CC666 /* Time Clocking.xcdatamodeld */,
			);
			name = "Standard Components";
			sourceTree = "<group>";
		};
		B2869891227DD85D00377112 /* Main Classes */ = {
			isa = PBXGroup;
			children = (
				B2869862227DD81300377112 /* Status Menu.swift */,
				B2C8CC04228428A50040CA46 /* TimeEntry.swift */,
				B2C8CC0C2286CCEB0040CA46 /* Settings.swift */,
			);
			name = "Main Classes";
			sourceTree = "<group>";
		};
		B2869892227DD86D00377112 /* Clockings */ = {
			isa = PBXGroup;
			children = (
				B2869899227DD90600377112 /* Clocking Base */,
				B286989A227DD91500377112 /* Clockings Entry */,
				B286989B227DD91D00377112 /* Clockings Detail */,
			);
			name = Clockings;
			sourceTree = "<group>";
		};
		B2869893227DD87700377112 /* Utility & Data Classes */ = {
			isa = PBXGroup;
			children = (
				B2869850227DD81200377112 /* Core Data Class.swift */,
				B2869870227DD81400377112 /* Core Data Table Viewer.swift */,
				B2ACC75522999ED40036C762 /* Data Table Viewer.swift */,
				B286986C227DD81300377112 /* Date Extensions.swift */,
				B286986A227DD81300377112 /* String Extensions.swift */,
				B2C8CC002283DD0C0040CA46 /* ObservablePopupString.swift */,
				B2C8CC02228410B90040CA46 /* ObservablePickerDate.swift */,
				B2C8CC0822848C070040CA46 /* ObservableTextField.swift */,
				B2869860227DD81300377112 /* Utility.swift */,
			);
			name = "Utility & Data Classes";
			sourceTree = "<group>";
		};
		B2869894227DD8A200377112 /* Resources */ = {
			isa = PBXGroup;
			children = (
				B241BEFA227E945B001CC666 /* Resources.swift */,
				B241BEF7227E5349001CC666 /* ResourceDetailViewController.storyboard */,
				B241BEF3227E52D8001CC666 /* ResourceDetailViewController.swift */,
				B241BEF1227E5299001CC666 /* ResourceViewModel.swift */,
			);
			name = Resources;
			sourceTree = "<group>";
		};
		B2869895227DD8AB00377112 /* Customers */ = {
			isa = PBXGroup;
			children = (
				B241BEFC227E95B6001CC666 /* Customers.swift */,
				B2869868227DD81300377112 /* CustomerDetailViewController.storyboard */,
				B2869869227DD81300377112 /* CustomerDetailViewController.swift */,
				B2C8CC1922912AF90040CA46 /* CustomerDetailMainViewController.swift */,
				B2C8CC1B22912B1F0040CA46 /* CustomerDetailInvoiceViewController.swift */,
				B241BF0022805EA1001CC666 /* CustomerViewModel.swift */,
			);
			name = Customers;
			sourceTree = "<group>";
		};
		B2869896227DD8B300377112 /* Projects */ = {
			isa = PBXGroup;
			children = (
				B241BEFE227E9979001CC666 /* Projects.swift */,
				B2C8CC0E228977F00040CA46 /* ProjectFilterViewController.storyboard */,
				B286985A227DD81200377112 /* ProjectDetailViewController.storyboard */,
				B2C8CC1022897FB00040CA46 /* ProjectFilterViewController.swift */,
				B2869865227DD81300377112 /* ProjectDetailViewController.swift */,
				B241BF022280650B001CC666 /* ProjectViewModel.swift */,
			);
			name = Projects;
			sourceTree = "<group>";
		};
		B2869897227DD8BA00377112 /* Settings */ = {
			isa = PBXGroup;
			children = (
				B2869861227DD81300377112 /* SettingsViewController.storyboard */,
				B286985E227DD81300377112 /* SettingsViewController.swift */,
				B2869866227DD81300377112 /* SettingsViewModel.swift */,
			);
			name = Settings;
			sourceTree = "<group>";
		};
		B2869898227DD8CF00377112 /* Reporting and Invoice Selection */ = {
			isa = PBXGroup;
			children = (
				B286985D227DD81200377112 /* SelectionViewController.storyboard */,
				B2C8CC2122930D870040CA46 /* SingleDocumentViewController.storyboard */,
				B286985C227DD81200377112 /* SelectionViewController.swift */,
			);
			name = "Reporting and Invoice Selection";
			sourceTree = "<group>";
		};
		B2869899227DD90600377112 /* Clocking Base */ = {
			isa = PBXGroup;
			children = (
				B24F5BDA228306FA005600F4 /* Clockings.swift */,
				B286986B227DD81300377112 /* ClockingViewModel.swift */,
			);
			name = "Clocking Base";
			sourceTree = "<group>";
		};
		B286989A227DD91500377112 /* Clockings Entry */ = {
			isa = PBXGroup;
			children = (
				B286986E227DD81300377112 /* ClockingViewController.storyboard */,
				B2C8CBFE2283470F0040CA46 /* ClockingViewController.swift */,
			);
			name = "Clockings Entry";
			sourceTree = "<group>";
		};
		B286989B227DD91D00377112 /* Clockings Detail */ = {
			isa = PBXGroup;
			children = (
				B2869852227DD81200377112 /* ClockingDetailViewController.storyboard */,
				B2869851227DD81200377112 /* ClockingDetailViewController.swift */,
			);
			name = "Clockings Detail";
			sourceTree = "<group>";
		};
		B286989D227DD96600377112 /* Invoices and Credits */ = {
			isa = PBXGroup;
			children = (
				B286985F227DD81300377112 /* InvoiceViewController.storyboard */,
				B2ACC75B2299ACC70036C762 /* InvoicePreviewViewController.storyboard */,
				B286986D227DD81300377112 /* InvoiceViewController.swift */,
				B2ACC75E2299AD2A0036C762 /* InvoicePreviewViewController.swift */,
			);
			name = "Invoices and Credits";
			sourceTree = "<group>";
		};
		B2ACC74C22984D3A0036C762 /* Print Abstractions */ = {
			isa = PBXGroup;
			children = (
				B2ACC74F22984DBD0036C762 /* Print Document Class.swift */,
				B2ACC75222984DCB0036C762 /* Print Document Line Class.swift */,
			);
			name = "Print Abstractions";
			sourceTree = "<group>";
		};
		B2C8CC16228C1A1F0040CA46 /* Documents */ = {
			isa = PBXGroup;
			children = (
				B2C8CC14228C19ED0040CA46 /* Documents.swift */,
				B2C8CC1F2292EC590040CA46 /* DocumentViewController.storyboard */,
				B2C8CC1D2292EC040040CA46 /* DocumentViewController.swift */,
				B2C8CC17228D4A420040CA46 /* DocumentViewModel.swift */,
			);
			name = Documents;
			sourceTree = "<group>";
		};
/* End PBXGroup section */

/* Begin PBXNativeTarget section */
		B2035A3F227DD2AF00BE3863 /* Time Clocking */ = {
			isa = PBXNativeTarget;
			buildConfigurationList = B2035A66227DD2B000BE3863 /* Build configuration list for PBXNativeTarget "Time Clocking" */;
			buildPhases = (
				34D998A26FA060368AD246BE /* [CP] Check Pods Manifest.lock */,
				B2035A3C227DD2AF00BE3863 /* Sources */,
				B2035A3D227DD2AF00BE3863 /* Frameworks */,
				B2035A3E227DD2AF00BE3863 /* Resources */,
				31DFCD63E8462A72439472D3 /* [CP] Embed Pods Frameworks */,
			);
			buildRules = (
			);
			dependencies = (
			);
			name = "Time Clocking";
			productName = "Time Clocking";
			productReference = B2035A40227DD2AF00BE3863 /* Time Clocking.app */;
			productType = "com.apple.product-type.application";
		};
		B2035A51227DD2B000BE3863 /* Time ClockingTests */ = {
			isa = PBXNativeTarget;
			buildConfigurationList = B2035A69227DD2B000BE3863 /* Build configuration list for PBXNativeTarget "Time ClockingTests" */;
			buildPhases = (
				B2035A4E227DD2B000BE3863 /* Sources */,
				B2035A4F227DD2B000BE3863 /* Frameworks */,
				B2035A50227DD2B000BE3863 /* Resources */,
			);
			buildRules = (
			);
			dependencies = (
				B2035A54227DD2B000BE3863 /* PBXTargetDependency */,
			);
			name = "Time ClockingTests";
			productName = "Time ClockingTests";
			productReference = B2035A52227DD2B000BE3863 /* Time ClockingTests.xctest */;
			productType = "com.apple.product-type.bundle.unit-test";
		};
		B2035A5C227DD2B000BE3863 /* Time ClockingUITests */ = {
			isa = PBXNativeTarget;
			buildConfigurationList = B2035A6C227DD2B000BE3863 /* Build configuration list for PBXNativeTarget "Time ClockingUITests" */;
			buildPhases = (
				B2035A59227DD2B000BE3863 /* Sources */,
				B2035A5A227DD2B000BE3863 /* Frameworks */,
				B2035A5B227DD2B000BE3863 /* Resources */,
			);
			buildRules = (
			);
			dependencies = (
				B2035A5F227DD2B000BE3863 /* PBXTargetDependency */,
			);
			name = "Time ClockingUITests";
			productName = "Time ClockingUITests";
			productReference = B2035A5D227DD2B000BE3863 /* Time ClockingUITests.xctest */;
			productType = "com.apple.product-type.bundle.ui-testing";
		};
		B2ACC70C229819590036C762 /* Time Clocking Development */ = {
			isa = PBXNativeTarget;
			buildConfigurationList = B2ACC747229819590036C762 /* Build configuration list for PBXNativeTarget "Time Clocking Development" */;
			buildPhases = (
				B2ACC70D229819590036C762 /* [CP] Check Pods Manifest.lock */,
				B2ACC70E229819590036C762 /* Sources */,
				B2ACC735229819590036C762 /* Frameworks */,
				B2ACC737229819590036C762 /* Resources */,
				B2ACC746229819590036C762 /* [CP] Embed Pods Frameworks */,
			);
			buildRules = (
			);
			dependencies = (
			);
			name = "Time Clocking Development";
			productName = "Time Clocking";
			productReference = B2ACC74A229819590036C762 /* Time Clocking Development.app */;
			productType = "com.apple.product-type.application";
		};
/* End PBXNativeTarget section */

/* Begin PBXProject section */
		B2035A38227DD2AF00BE3863 /* Project object */ = {
			isa = PBXProject;
			attributes = {
				LastSwiftUpdateCheck = 1020;
				LastUpgradeCheck = 1020;
				ORGANIZATIONNAME = "Marc Shearer";
				TargetAttributes = {
					B2035A3F227DD2AF00BE3863 = {
						CreatedOnToolsVersion = 10.2.1;
						LastSwiftMigration = 1020;
					};
					B2035A51227DD2B000BE3863 = {
						CreatedOnToolsVersion = 10.2.1;
						TestTargetID = B2035A3F227DD2AF00BE3863;
					};
					B2035A5C227DD2B000BE3863 = {
						CreatedOnToolsVersion = 10.2.1;
						TestTargetID = B2035A3F227DD2AF00BE3863;
					};
				};
			};
			buildConfigurationList = B2035A3B227DD2AF00BE3863 /* Build configuration list for PBXProject "Time Clocking" */;
			compatibilityVersion = "Xcode 9.3";
			developmentRegion = en;
			hasScannedForEncodings = 0;
			knownRegions = (
				en,
				Base,
				global,
			);
			mainGroup = B2035A37227DD2AF00BE3863;
			productRefGroup = B2035A41227DD2AF00BE3863 /* Products */;
			projectDirPath = "";
			projectRoot = "";
			targets = (
				B2035A3F227DD2AF00BE3863 /* Time Clocking */,
				B2035A51227DD2B000BE3863 /* Time ClockingTests */,
				B2035A5C227DD2B000BE3863 /* Time ClockingUITests */,
				B2ACC70C229819590036C762 /* Time Clocking Development */,
			);
		};
/* End PBXProject section */

/* Begin PBXResourcesBuildPhase section */
		B2035A3E227DD2AF00BE3863 /* Resources */ = {
			isa = PBXResourcesBuildPhase;
			buildActionMask = 2147483647;
			files = (
				B2869887227DD81400377112 /* CustomerDetailViewController.storyboard in Resources */,
				B2C8CC0F228977F00040CA46 /* ProjectFilterViewController.storyboard in Resources */,
				B2ACC75C2299ACC70036C762 /* InvoicePreviewViewController.storyboard in Resources */,
				B2869881227DD81400377112 /* SettingsViewController.storyboard in Resources */,
				B2869876227DD81400377112 /* Main.storyboard in Resources */,
				B2869873227DD81400377112 /* ClockingDetailViewController.storyboard in Resources */,
				B241BEF8227E5349001CC666 /* ResourceDetailViewController.storyboard in Resources */,
				B2869874227DD81400377112 /* MaintenanceViewController.storyboard in Resources */,
				B286987A227DD81400377112 /* ProjectDetailViewController.storyboard in Resources */,
				B2C8CC2222930D870040CA46 /* SingleDocumentViewController.storyboard in Resources */,
				B2C8CC202292EC590040CA46 /* DocumentViewController.storyboard in Resources */,
				B286987D227DD81400377112 /* SelectionViewController.storyboard in Resources */,
				B286987B227DD81400377112 /* Assets.xcassets in Resources */,
				B286987F227DD81400377112 /* InvoiceViewController.storyboard in Resources */,
				B286988D227DD81400377112 /* ClockingViewController.storyboard in Resources */,
			);
			runOnlyForDeploymentPostprocessing = 0;
		};
		B2035A50227DD2B000BE3863 /* Resources */ = {
			isa = PBXResourcesBuildPhase;
			buildActionMask = 2147483647;
			files = (
			);
			runOnlyForDeploymentPostprocessing = 0;
		};
		B2035A5B227DD2B000BE3863 /* Resources */ = {
			isa = PBXResourcesBuildPhase;
			buildActionMask = 2147483647;
			files = (
			);
			runOnlyForDeploymentPostprocessing = 0;
		};
		B2ACC737229819590036C762 /* Resources */ = {
			isa = PBXResourcesBuildPhase;
			buildActionMask = 2147483647;
			files = (
				B2ACC738229819590036C762 /* CustomerDetailViewController.storyboard in Resources */,
				B2ACC739229819590036C762 /* ProjectFilterViewController.storyboard in Resources */,
				B2ACC75D2299ACC70036C762 /* InvoicePreviewViewController.storyboard in Resources */,
				B2ACC73A229819590036C762 /* SettingsViewController.storyboard in Resources */,
				B2ACC73B229819590036C762 /* Main.storyboard in Resources */,
				B2ACC73C229819590036C762 /* ClockingDetailViewController.storyboard in Resources */,
				B2ACC73D229819590036C762 /* ResourceDetailViewController.storyboard in Resources */,
				B2ACC73E229819590036C762 /* MaintenanceViewController.storyboard in Resources */,
				B2ACC73F229819590036C762 /* ProjectDetailViewController.storyboard in Resources */,
				B2ACC740229819590036C762 /* SingleDocumentViewController.storyboard in Resources */,
				B2ACC741229819590036C762 /* DocumentViewController.storyboard in Resources */,
				B2ACC742229819590036C762 /* SelectionViewController.storyboard in Resources */,
				B2ACC743229819590036C762 /* Assets.xcassets in Resources */,
				B2ACC744229819590036C762 /* InvoiceViewController.storyboard in Resources */,
				B2ACC745229819590036C762 /* ClockingViewController.storyboard in Resources */,
			);
			runOnlyForDeploymentPostprocessing = 0;
		};
/* End PBXResourcesBuildPhase section */

/* Begin PBXShellScriptBuildPhase section */
		31DFCD63E8462A72439472D3 /* [CP] Embed Pods Frameworks */ = {
			isa = PBXShellScriptBuildPhase;
			buildActionMask = 2147483647;
			files = (
			);
			inputFileListPaths = (
				"${PODS_ROOT}/Target Support Files/Pods-Time Clocking/Pods-Time Clocking-frameworks-${CONFIGURATION}-input-files.xcfilelist",
			);
			name = "[CP] Embed Pods Frameworks";
			outputFileListPaths = (
				"${PODS_ROOT}/Target Support Files/Pods-Time Clocking/Pods-Time Clocking-frameworks-${CONFIGURATION}-output-files.xcfilelist",
			);
			runOnlyForDeploymentPostprocessing = 0;
			shellPath = /bin/sh;
			shellScript = "\"${PODS_ROOT}/Target Support Files/Pods-Time Clocking/Pods-Time Clocking-frameworks.sh\"\n";
			showEnvVarsInLog = 0;
		};
		34D998A26FA060368AD246BE /* [CP] Check Pods Manifest.lock */ = {
			isa = PBXShellScriptBuildPhase;
			buildActionMask = 2147483647;
			files = (
			);
			inputPaths = (
				"${PODS_PODFILE_DIR_PATH}/Podfile.lock",
				"${PODS_ROOT}/Manifest.lock",
			);
			name = "[CP] Check Pods Manifest.lock";
			outputPaths = (
				"$(DERIVED_FILE_DIR)/Pods-Time Clocking-checkManifestLockResult.txt",
			);
			runOnlyForDeploymentPostprocessing = 0;
			shellPath = /bin/sh;
			shellScript = "diff \"${PODS_PODFILE_DIR_PATH}/Podfile.lock\" \"${PODS_ROOT}/Manifest.lock\" > /dev/null\nif [ $? != 0 ] ; then\n    # print error to STDERR\n    echo \"error: The sandbox is not in sync with the Podfile.lock. Run 'pod install' or update your CocoaPods installation.\" >&2\n    exit 1\nfi\n# This output is used by Xcode 'outputs' to avoid re-running this script phase.\necho \"SUCCESS\" > \"${SCRIPT_OUTPUT_FILE_0}\"\n";
			showEnvVarsInLog = 0;
		};
		B2ACC70D229819590036C762 /* [CP] Check Pods Manifest.lock */ = {
			isa = PBXShellScriptBuildPhase;
			buildActionMask = 2147483647;
			files = (
			);
			inputPaths = (
				"${PODS_PODFILE_DIR_PATH}/Podfile.lock",
				"${PODS_ROOT}/Manifest.lock",
			);
			name = "[CP] Check Pods Manifest.lock";
			outputPaths = (
				"$(DERIVED_FILE_DIR)/Pods-Time Clocking-checkManifestLockResult.txt",
			);
			runOnlyForDeploymentPostprocessing = 0;
			shellPath = /bin/sh;
			shellScript = "diff \"${PODS_PODFILE_DIR_PATH}/Podfile.lock\" \"${PODS_ROOT}/Manifest.lock\" > /dev/null\nif [ $? != 0 ] ; then\n    # print error to STDERR\n    echo \"error: The sandbox is not in sync with the Podfile.lock. Run 'pod install' or update your CocoaPods installation.\" >&2\n    exit 1\nfi\n# This output is used by Xcode 'outputs' to avoid re-running this script phase.\necho \"SUCCESS\" > \"${SCRIPT_OUTPUT_FILE_0}\"\n";
			showEnvVarsInLog = 0;
		};
		B2ACC746229819590036C762 /* [CP] Embed Pods Frameworks */ = {
			isa = PBXShellScriptBuildPhase;
			buildActionMask = 2147483647;
			files = (
			);
			inputFileListPaths = (
				"${PODS_ROOT}/Target Support Files/Pods-Time Clocking/Pods-Time Clocking-frameworks-${CONFIGURATION}-input-files.xcfilelist",
			);
			name = "[CP] Embed Pods Frameworks";
			outputFileListPaths = (
				"${PODS_ROOT}/Target Support Files/Pods-Time Clocking/Pods-Time Clocking-frameworks-${CONFIGURATION}-output-files.xcfilelist",
			);
			runOnlyForDeploymentPostprocessing = 0;
			shellPath = /bin/sh;
			shellScript = "\"${PODS_ROOT}/Target Support Files/Pods-Time Clocking/Pods-Time Clocking-frameworks.sh\"\n";
			showEnvVarsInLog = 0;
		};
/* End PBXShellScriptBuildPhase section */

/* Begin PBXSourcesBuildPhase section */
		B2035A3C227DD2AF00BE3863 /* Sources */ = {
			isa = PBXSourcesBuildPhase;
			buildActionMask = 2147483647;
			files = (
				B2869884227DD81400377112 /* ProjectDetailViewController.swift in Sources */,
				B241BEFB227E945B001CC666 /* Resources.swift in Sources */,
				B2C8CBFF2283470F0040CA46 /* ClockingViewController.swift in Sources */,
				B241BF0822814520001CC666 /* Time Clocking.xcdatamodeld in Sources */,
				B2869885227DD81400377112 /* SettingsViewModel.swift in Sources */,
				B2C8CC012283DD0C0040CA46 /* ObservablePopupString.swift in Sources */,
				B286987C227DD81400377112 /* SelectionViewController.swift in Sources */,
				B2869882227DD81400377112 /* Status Menu.swift in Sources */,
				B24F5BDB228306FA005600F4 /* Clockings.swift in Sources */,
				B2869879227DD81400377112 /* AppDelegate.swift in Sources */,
				B2C8CC05228428A50040CA46 /* TimeEntry.swift in Sources */,
				B2ACC7602299AD2A0036C762 /* InvoicePreviewViewController.swift in Sources */,
				B2C8CC1222897FB00040CA46 /* ProjectFilterViewController.swift in Sources */,
				B241BEFD227E95B6001CC666 /* Customers.swift in Sources */,
				B286988F227DD81400377112 /* Core Data Table Viewer.swift in Sources */,
				B286988C227DD81400377112 /* InvoiceViewController.swift in Sources */,
				B241BEF2227E5299001CC666 /* ResourceViewModel.swift in Sources */,
				B2C8CC03228410B90040CA46 /* ObservablePickerDate.swift in Sources */,
				B2869880227DD81400377112 /* Utility.swift in Sources */,
				B2C8CC1A22912AF90040CA46 /* CustomerDetailMainViewController.swift in Sources */,
				B286988A227DD81400377112 /* ClockingViewModel.swift in Sources */,
				B2ACC75322984DCB0036C762 /* Print Document Line Class.swift in Sources */,
				B2869871227DD81400377112 /* Core Data Class.swift in Sources */,
				B2869889227DD81400377112 /* String Extensions.swift in Sources */,
				B286988B227DD81400377112 /* Date Extensions.swift in Sources */,
				B241BF0122805EA1001CC666 /* CustomerViewModel.swift in Sources */,
				B2C8CC0922848C070040CA46 /* ObservableTextField.swift in Sources */,
				B2C8CC18228D4A420040CA46 /* DocumentViewModel.swift in Sources */,
				B241BF032280650B001CC666 /* ProjectViewModel.swift in Sources */,
				B2869886227DD81400377112 /* MaintenanceViewController.swift in Sources */,
				B2ACC75622999ED40036C762 /* Data Table Viewer.swift in Sources */,
				B241BEF4227E52D8001CC666 /* ResourceDetailViewController.swift in Sources */,
				B2ACC75022984DBD0036C762 /* Print Document Class.swift in Sources */,
				B2C8CC0D2286CCEB0040CA46 /* Settings.swift in Sources */,
				B2869888227DD81400377112 /* CustomerDetailViewController.swift in Sources */,
				B2C8CC1E2292EC040040CA46 /* DocumentViewController.swift in Sources */,
				B2869872227DD81400377112 /* ClockingDetailViewController.swift in Sources */,
				B2C8CC072284356D0040CA46 /* Maintenance.swift in Sources */,
				B241BEFF227E9979001CC666 /* Projects.swift in Sources */,
				B2C8CC1C22912B1F0040CA46 /* CustomerDetailInvoiceViewController.swift in Sources */,
				B2C8CC15228C19ED0040CA46 /* Documents.swift in Sources */,
				B286987E227DD81400377112 /* SettingsViewController.swift in Sources */,
			);
			runOnlyForDeploymentPostprocessing = 0;
		};
		B2035A4E227DD2B000BE3863 /* Sources */ = {
			isa = PBXSourcesBuildPhase;
			buildActionMask = 2147483647;
			files = (
				B2035A57227DD2B000BE3863 /* Time_ClockingTests.swift in Sources */,
			);
			runOnlyForDeploymentPostprocessing = 0;
		};
		B2035A59227DD2B000BE3863 /* Sources */ = {
			isa = PBXSourcesBuildPhase;
			buildActionMask = 2147483647;
			files = (
				B2035A62227DD2B000BE3863 /* Time_ClockingUITests.swift in Sources */,
			);
			runOnlyForDeploymentPostprocessing = 0;
		};
		B2ACC70E229819590036C762 /* Sources */ = {
			isa = PBXSourcesBuildPhase;
			buildActionMask = 2147483647;
			files = (
				B2ACC70F229819590036C762 /* ProjectDetailViewController.swift in Sources */,
				B2ACC710229819590036C762 /* Resources.swift in Sources */,
				B2ACC711229819590036C762 /* ClockingViewController.swift in Sources */,
				B2ACC712229819590036C762 /* Time Clocking.xcdatamodeld in Sources */,
				B2ACC713229819590036C762 /* SettingsViewModel.swift in Sources */,
				B2ACC714229819590036C762 /* ObservablePopupString.swift in Sources */,
				B2ACC715229819590036C762 /* SelectionViewController.swift in Sources */,
				B2ACC716229819590036C762 /* Status Menu.swift in Sources */,
				B2ACC717229819590036C762 /* Clockings.swift in Sources */,
				B2ACC718229819590036C762 /* AppDelegate.swift in Sources */,
				B2ACC719229819590036C762 /* TimeEntry.swift in Sources */,
				B2ACC7612299AD2A0036C762 /* InvoicePreviewViewController.swift in Sources */,
				B2ACC71A229819590036C762 /* ProjectFilterViewController.swift in Sources */,
				B2ACC71B229819590036C762 /* Customers.swift in Sources */,
				B2ACC71C229819590036C762 /* Core Data Table Viewer.swift in Sources */,
				B2ACC71D229819590036C762 /* InvoiceViewController.swift in Sources */,
				B2ACC71E229819590036C762 /* ResourceViewModel.swift in Sources */,
				B2ACC71F229819590036C762 /* ObservablePickerDate.swift in Sources */,
				B2ACC720229819590036C762 /* Utility.swift in Sources */,
				B2ACC721229819590036C762 /* CustomerDetailMainViewController.swift in Sources */,
				B2ACC722229819590036C762 /* ClockingViewModel.swift in Sources */,
				B2ACC75422984DCB0036C762 /* Print Document Line Class.swift in Sources */,
				B2ACC723229819590036C762 /* Core Data Class.swift in Sources */,
				B2ACC724229819590036C762 /* String Extensions.swift in Sources */,
				B2ACC725229819590036C762 /* Date Extensions.swift in Sources */,
				B2ACC726229819590036C762 /* CustomerViewModel.swift in Sources */,
				B2ACC727229819590036C762 /* ObservableTextField.swift in Sources */,
				B2ACC728229819590036C762 /* DocumentViewModel.swift in Sources */,
				B2ACC729229819590036C762 /* ProjectViewModel.swift in Sources */,
				B2ACC72A229819590036C762 /* MaintenanceViewController.swift in Sources */,
				B2ACC75722999ED40036C762 /* Data Table Viewer.swift in Sources */,
				B2ACC72B229819590036C762 /* ResourceDetailViewController.swift in Sources */,
				B2ACC75122984DBD0036C762 /* Print Document Class.swift in Sources */,
				B2ACC72C229819590036C762 /* Settings.swift in Sources */,
				B2ACC72D229819590036C762 /* CustomerDetailViewController.swift in Sources */,
				B2ACC72E229819590036C762 /* DocumentViewController.swift in Sources */,
				B2ACC72F229819590036C762 /* ClockingDetailViewController.swift in Sources */,
				B2ACC730229819590036C762 /* Maintenance.swift in Sources */,
				B2ACC731229819590036C762 /* Projects.swift in Sources */,
				B2ACC732229819590036C762 /* CustomerDetailInvoiceViewController.swift in Sources */,
				B2ACC733229819590036C762 /* Documents.swift in Sources */,
				B2ACC734229819590036C762 /* SettingsViewController.swift in Sources */,
			);
			runOnlyForDeploymentPostprocessing = 0;
		};
/* End PBXSourcesBuildPhase section */

/* Begin PBXTargetDependency section */
		B2035A54227DD2B000BE3863 /* PBXTargetDependency */ = {
			isa = PBXTargetDependency;
			target = B2035A3F227DD2AF00BE3863 /* Time Clocking */;
			targetProxy = B2035A53227DD2B000BE3863 /* PBXContainerItemProxy */;
		};
		B2035A5F227DD2B000BE3863 /* PBXTargetDependency */ = {
			isa = PBXTargetDependency;
			target = B2035A3F227DD2AF00BE3863 /* Time Clocking */;
			targetProxy = B2035A5E227DD2B000BE3863 /* PBXContainerItemProxy */;
		};
/* End PBXTargetDependency section */

/* Begin XCBuildConfiguration section */
		B2035A64227DD2B000BE3863 /* Debug */ = {
			isa = XCBuildConfiguration;
			buildSettings = {
				ALWAYS_SEARCH_USER_PATHS = NO;
				CLANG_ANALYZER_NONNULL = YES;
				CLANG_ANALYZER_NUMBER_OBJECT_CONVERSION = YES_AGGRESSIVE;
				CLANG_CXX_LANGUAGE_STANDARD = "gnu++14";
				CLANG_CXX_LIBRARY = "libc++";
				CLANG_ENABLE_MODULES = YES;
				CLANG_ENABLE_OBJC_ARC = YES;
				CLANG_ENABLE_OBJC_WEAK = YES;
				CLANG_WARN_BLOCK_CAPTURE_AUTORELEASING = YES;
				CLANG_WARN_BOOL_CONVERSION = YES;
				CLANG_WARN_COMMA = YES;
				CLANG_WARN_CONSTANT_CONVERSION = YES;
				CLANG_WARN_DEPRECATED_OBJC_IMPLEMENTATIONS = YES;
				CLANG_WARN_DIRECT_OBJC_ISA_USAGE = YES_ERROR;
				CLANG_WARN_DOCUMENTATION_COMMENTS = YES;
				CLANG_WARN_EMPTY_BODY = YES;
				CLANG_WARN_ENUM_CONVERSION = YES;
				CLANG_WARN_INFINITE_RECURSION = YES;
				CLANG_WARN_INT_CONVERSION = YES;
				CLANG_WARN_NON_LITERAL_NULL_CONVERSION = YES;
				CLANG_WARN_OBJC_IMPLICIT_RETAIN_SELF = YES;
				CLANG_WARN_OBJC_LITERAL_CONVERSION = YES;
				CLANG_WARN_OBJC_ROOT_CLASS = YES_ERROR;
				CLANG_WARN_RANGE_LOOP_ANALYSIS = YES;
				CLANG_WARN_STRICT_PROTOTYPES = YES;
				CLANG_WARN_SUSPICIOUS_MOVE = YES;
				CLANG_WARN_UNGUARDED_AVAILABILITY = YES_AGGRESSIVE;
				CLANG_WARN_UNREACHABLE_CODE = YES;
				CLANG_WARN__DUPLICATE_METHOD_MATCH = YES;
				CODE_SIGN_IDENTITY = "Mac Developer";
				COPY_PHASE_STRIP = NO;
				DEBUG_INFORMATION_FORMAT = dwarf;
				ENABLE_STRICT_OBJC_MSGSEND = YES;
				ENABLE_TESTABILITY = YES;
				GCC_C_LANGUAGE_STANDARD = gnu11;
				GCC_DYNAMIC_NO_PIC = NO;
				GCC_NO_COMMON_BLOCKS = YES;
				GCC_OPTIMIZATION_LEVEL = 0;
				GCC_PREPROCESSOR_DEFINITIONS = (
					"DEBUG=1",
					"$(inherited)",
				);
				GCC_WARN_64_TO_32_BIT_CONVERSION = YES;
				GCC_WARN_ABOUT_RETURN_TYPE = YES_ERROR;
				GCC_WARN_UNDECLARED_SELECTOR = YES;
				GCC_WARN_UNINITIALIZED_AUTOS = YES_AGGRESSIVE;
				GCC_WARN_UNUSED_FUNCTION = YES;
				GCC_WARN_UNUSED_VARIABLE = YES;
				MACOSX_DEPLOYMENT_TARGET = 10.14;
				MTL_ENABLE_DEBUG_INFO = INCLUDE_SOURCE;
				MTL_FAST_MATH = YES;
				ONLY_ACTIVE_ARCH = YES;
				SDKROOT = macosx;
				SWIFT_ACTIVE_COMPILATION_CONDITIONS = DEBUG;
				SWIFT_OPTIMIZATION_LEVEL = "-Onone";
			};
			name = Debug;
		};
		B2035A65227DD2B000BE3863 /* Release */ = {
			isa = XCBuildConfiguration;
			buildSettings = {
				ALWAYS_SEARCH_USER_PATHS = NO;
				CLANG_ANALYZER_NONNULL = YES;
				CLANG_ANALYZER_NUMBER_OBJECT_CONVERSION = YES_AGGRESSIVE;
				CLANG_CXX_LANGUAGE_STANDARD = "gnu++14";
				CLANG_CXX_LIBRARY = "libc++";
				CLANG_ENABLE_MODULES = YES;
				CLANG_ENABLE_OBJC_ARC = YES;
				CLANG_ENABLE_OBJC_WEAK = YES;
				CLANG_WARN_BLOCK_CAPTURE_AUTORELEASING = YES;
				CLANG_WARN_BOOL_CONVERSION = YES;
				CLANG_WARN_COMMA = YES;
				CLANG_WARN_CONSTANT_CONVERSION = YES;
				CLANG_WARN_DEPRECATED_OBJC_IMPLEMENTATIONS = YES;
				CLANG_WARN_DIRECT_OBJC_ISA_USAGE = YES_ERROR;
				CLANG_WARN_DOCUMENTATION_COMMENTS = YES;
				CLANG_WARN_EMPTY_BODY = YES;
				CLANG_WARN_ENUM_CONVERSION = YES;
				CLANG_WARN_INFINITE_RECURSION = YES;
				CLANG_WARN_INT_CONVERSION = YES;
				CLANG_WARN_NON_LITERAL_NULL_CONVERSION = YES;
				CLANG_WARN_OBJC_IMPLICIT_RETAIN_SELF = YES;
				CLANG_WARN_OBJC_LITERAL_CONVERSION = YES;
				CLANG_WARN_OBJC_ROOT_CLASS = YES_ERROR;
				CLANG_WARN_RANGE_LOOP_ANALYSIS = YES;
				CLANG_WARN_STRICT_PROTOTYPES = YES;
				CLANG_WARN_SUSPICIOUS_MOVE = YES;
				CLANG_WARN_UNGUARDED_AVAILABILITY = YES_AGGRESSIVE;
				CLANG_WARN_UNREACHABLE_CODE = YES;
				CLANG_WARN__DUPLICATE_METHOD_MATCH = YES;
				CODE_SIGN_IDENTITY = "Mac Developer";
				COPY_PHASE_STRIP = NO;
				DEBUG_INFORMATION_FORMAT = "dwarf-with-dsym";
				ENABLE_NS_ASSERTIONS = NO;
				ENABLE_STRICT_OBJC_MSGSEND = YES;
				GCC_C_LANGUAGE_STANDARD = gnu11;
				GCC_NO_COMMON_BLOCKS = YES;
				GCC_WARN_64_TO_32_BIT_CONVERSION = YES;
				GCC_WARN_ABOUT_RETURN_TYPE = YES_ERROR;
				GCC_WARN_UNDECLARED_SELECTOR = YES;
				GCC_WARN_UNINITIALIZED_AUTOS = YES_AGGRESSIVE;
				GCC_WARN_UNUSED_FUNCTION = YES;
				GCC_WARN_UNUSED_VARIABLE = YES;
				MACOSX_DEPLOYMENT_TARGET = 10.14;
				MTL_ENABLE_DEBUG_INFO = NO;
				MTL_FAST_MATH = YES;
				SDKROOT = macosx;
				SWIFT_COMPILATION_MODE = wholemodule;
				SWIFT_OPTIMIZATION_LEVEL = "-O";
			};
			name = Release;
		};
		B2035A67227DD2B000BE3863 /* Debug */ = {
			isa = XCBuildConfiguration;
			baseConfigurationReference = 7F866EB9586651764051827B /* Pods-Time Clocking.debug.xcconfig */;
			buildSettings = {
				ASSETCATALOG_COMPILER_APPICON_NAME = AppIcon;
				CLANG_ENABLE_MODULES = YES;
				CODE_SIGN_ENTITLEMENTS = "Time Clocking/Time_Clocking.entitlements";
				CODE_SIGN_STYLE = Automatic;
				COMBINE_HIDPI_IMAGES = YES;
				DEVELOPMENT_TEAM = 3T7CT2S464;
				INFOPLIST_FILE = "Time Clocking/Info.plist";
				LD_RUNPATH_SEARCH_PATHS = (
					"$(inherited)",
					"@executable_path/../Frameworks",
				);
				PRODUCT_BUNDLE_IDENTIFIER = "MarcShearer.Time-Clocking";
				PRODUCT_NAME = "$(TARGET_NAME)";
				SWIFT_OPTIMIZATION_LEVEL = "-Onone";
				SWIFT_VERSION = 5.0;
			};
			name = Debug;
		};
		B2035A68227DD2B000BE3863 /* Release */ = {
			isa = XCBuildConfiguration;
			baseConfigurationReference = 13BF53A8643CD37144B89B64 /* Pods-Time Clocking.release.xcconfig */;
			buildSettings = {
				ASSETCATALOG_COMPILER_APPICON_NAME = AppIcon;
				CLANG_ENABLE_MODULES = YES;
				CODE_SIGN_ENTITLEMENTS = "Time Clocking/Time_Clocking.entitlements";
				CODE_SIGN_STYLE = Automatic;
				COMBINE_HIDPI_IMAGES = YES;
				DEVELOPMENT_TEAM = 3T7CT2S464;
				INFOPLIST_FILE = "Time Clocking/Info.plist";
				LD_RUNPATH_SEARCH_PATHS = (
					"$(inherited)",
					"@executable_path/../Frameworks",
				);
				PRODUCT_BUNDLE_IDENTIFIER = "MarcShearer.Time-Clocking";
				PRODUCT_NAME = "$(TARGET_NAME)";
				SWIFT_VERSION = 5.0;
			};
			name = Release;
		};
		B2035A6A227DD2B000BE3863 /* Debug */ = {
			isa = XCBuildConfiguration;
			buildSettings = {
				ALWAYS_EMBED_SWIFT_STANDARD_LIBRARIES = YES;
				BUNDLE_LOADER = "$(TEST_HOST)";
				CODE_SIGN_STYLE = Automatic;
				COMBINE_HIDPI_IMAGES = YES;
				DEVELOPMENT_TEAM = 3T7CT2S464;
				INFOPLIST_FILE = "Time ClockingTests/Info.plist";
				LD_RUNPATH_SEARCH_PATHS = (
					"$(inherited)",
					"@executable_path/../Frameworks",
					"@loader_path/../Frameworks",
				);
				PRODUCT_BUNDLE_IDENTIFIER = "MarcShearer.Time-ClockingTests";
				PRODUCT_NAME = "$(TARGET_NAME)";
				SWIFT_VERSION = 5.0;
				TEST_HOST = "$(BUILT_PRODUCTS_DIR)/Time Clocking.app/Contents/MacOS/Time Clocking";
			};
			name = Debug;
		};
		B2035A6B227DD2B000BE3863 /* Release */ = {
			isa = XCBuildConfiguration;
			buildSettings = {
				ALWAYS_EMBED_SWIFT_STANDARD_LIBRARIES = YES;
				BUNDLE_LOADER = "$(TEST_HOST)";
				CODE_SIGN_STYLE = Automatic;
				COMBINE_HIDPI_IMAGES = YES;
				DEVELOPMENT_TEAM = 3T7CT2S464;
				INFOPLIST_FILE = "Time ClockingTests/Info.plist";
				LD_RUNPATH_SEARCH_PATHS = (
					"$(inherited)",
					"@executable_path/../Frameworks",
					"@loader_path/../Frameworks",
				);
				PRODUCT_BUNDLE_IDENTIFIER = "MarcShearer.Time-ClockingTests";
				PRODUCT_NAME = "$(TARGET_NAME)";
				SWIFT_VERSION = 5.0;
				TEST_HOST = "$(BUILT_PRODUCTS_DIR)/Time Clocking.app/Contents/MacOS/Time Clocking";
			};
			name = Release;
		};
		B2035A6D227DD2B000BE3863 /* Debug */ = {
			isa = XCBuildConfiguration;
			buildSettings = {
				ALWAYS_EMBED_SWIFT_STANDARD_LIBRARIES = YES;
				CODE_SIGN_STYLE = Automatic;
				COMBINE_HIDPI_IMAGES = YES;
				DEVELOPMENT_TEAM = 3T7CT2S464;
				INFOPLIST_FILE = "Time ClockingUITests/Info.plist";
				LD_RUNPATH_SEARCH_PATHS = (
					"$(inherited)",
					"@executable_path/../Frameworks",
					"@loader_path/../Frameworks",
				);
				PRODUCT_BUNDLE_IDENTIFIER = "MarcShearer.Time-ClockingUITests";
				PRODUCT_NAME = "$(TARGET_NAME)";
				SWIFT_VERSION = 5.0;
				TEST_TARGET_NAME = "Time Clocking";
			};
			name = Debug;
		};
		B2035A6E227DD2B000BE3863 /* Release */ = {
			isa = XCBuildConfiguration;
			buildSettings = {
				ALWAYS_EMBED_SWIFT_STANDARD_LIBRARIES = YES;
				CODE_SIGN_STYLE = Automatic;
				COMBINE_HIDPI_IMAGES = YES;
				DEVELOPMENT_TEAM = 3T7CT2S464;
				INFOPLIST_FILE = "Time ClockingUITests/Info.plist";
				LD_RUNPATH_SEARCH_PATHS = (
					"$(inherited)",
					"@executable_path/../Frameworks",
					"@loader_path/../Frameworks",
				);
				PRODUCT_BUNDLE_IDENTIFIER = "MarcShearer.Time-ClockingUITests";
				PRODUCT_NAME = "$(TARGET_NAME)";
				SWIFT_VERSION = 5.0;
				TEST_TARGET_NAME = "Time Clocking";
			};
			name = Release;
		};
		B2ACC748229819590036C762 /* Debug */ = {
			isa = XCBuildConfiguration;
			baseConfigurationReference = 7F866EB9586651764051827B /* Pods-Time Clocking.debug.xcconfig */;
			buildSettings = {
				ASSETCATALOG_COMPILER_APPICON_NAME = AppIcon;
				CLANG_ENABLE_MODULES = YES;
				CODE_SIGN_ENTITLEMENTS = "Time Clocking/Time_Clocking.entitlements";
				CODE_SIGN_STYLE = Automatic;
				COMBINE_HIDPI_IMAGES = YES;
				DEVELOPMENT_TEAM = 3T7CT2S464;
				INFOPLIST_FILE = "Time Clocking Development-Info.plist";
				LD_RUNPATH_SEARCH_PATHS = (
					"$(inherited)",
					"@executable_path/../Frameworks",
				);
				"OTHER_SWIFT_FLAGS[arch=*]" = "-D DEVELOPMENT";
				PRODUCT_BUNDLE_IDENTIFIER = "MarcShearer.Time-Clocking-Development";
				PRODUCT_NAME = "$(TARGET_NAME)";
				SWIFT_OPTIMIZATION_LEVEL = "-Onone";
				SWIFT_VERSION = 5.0;
			};
			name = Debug;
		};
		B2ACC749229819590036C762 /* Release */ = {
			isa = XCBuildConfiguration;
			baseConfigurationReference = 13BF53A8643CD37144B89B64 /* Pods-Time Clocking.release.xcconfig */;
			buildSettings = {
				ASSETCATALOG_COMPILER_APPICON_NAME = AppIcon;
				CLANG_ENABLE_MODULES = YES;
				CODE_SIGN_ENTITLEMENTS = "Time Clocking/Time_Clocking.entitlements";
				CODE_SIGN_STYLE = Automatic;
				COMBINE_HIDPI_IMAGES = YES;
				DEVELOPMENT_TEAM = 3T7CT2S464;
				INFOPLIST_FILE = "Time Clocking Development-Info.plist";
				LD_RUNPATH_SEARCH_PATHS = (
					"$(inherited)",
					"@executable_path/../Frameworks",
				);
				PRODUCT_BUNDLE_IDENTIFIER = "MarcShearer.Time-Clocking-Development";
				PRODUCT_NAME = "$(TARGET_NAME)";
				SWIFT_VERSION = 5.0;
			};
			name = Release;
		};
/* End XCBuildConfiguration section */

/* Begin XCConfigurationList section */
		B2035A3B227DD2AF00BE3863 /* Build configuration list for PBXProject "Time Clocking" */ = {
			isa = XCConfigurationList;
			buildConfigurations = (
				B2035A64227DD2B000BE3863 /* Debug */,
				B2035A65227DD2B000BE3863 /* Release */,
			);
			defaultConfigurationIsVisible = 0;
			defaultConfigurationName = Release;
		};
		B2035A66227DD2B000BE3863 /* Build configuration list for PBXNativeTarget "Time Clocking" */ = {
			isa = XCConfigurationList;
			buildConfigurations = (
				B2035A67227DD2B000BE3863 /* Debug */,
				B2035A68227DD2B000BE3863 /* Release */,
			);
			defaultConfigurationIsVisible = 0;
			defaultConfigurationName = Release;
		};
		B2035A69227DD2B000BE3863 /* Build configuration list for PBXNativeTarget "Time ClockingTests" */ = {
			isa = XCConfigurationList;
			buildConfigurations = (
				B2035A6A227DD2B000BE3863 /* Debug */,
				B2035A6B227DD2B000BE3863 /* Release */,
			);
			defaultConfigurationIsVisible = 0;
			defaultConfigurationName = Release;
		};
		B2035A6C227DD2B000BE3863 /* Build configuration list for PBXNativeTarget "Time ClockingUITests" */ = {
			isa = XCConfigurationList;
			buildConfigurations = (
				B2035A6D227DD2B000BE3863 /* Debug */,
				B2035A6E227DD2B000BE3863 /* Release */,
			);
			defaultConfigurationIsVisible = 0;
			defaultConfigurationName = Release;
		};
		B2ACC747229819590036C762 /* Build configuration list for PBXNativeTarget "Time Clocking Development" */ = {
			isa = XCConfigurationList;
			buildConfigurations = (
				B2ACC748229819590036C762 /* Debug */,
				B2ACC749229819590036C762 /* Release */,
			);
			defaultConfigurationIsVisible = 0;
			defaultConfigurationName = Release;
		};
/* End XCConfigurationList section */

/* Begin XCVersionGroup section */
		B241BF0622814520001CC666 /* Time Clocking.xcdatamodeld */ = {
			isa = XCVersionGroup;
			children = (
				B241BF0722814520001CC666 /* Time Clock.xcdatamodel */,
			);
			currentVersion = B241BF0722814520001CC666 /* Time Clock.xcdatamodel */;
			path = "Time Clocking.xcdatamodeld";
			sourceTree = "<group>";
			versionGroupType = wrapper.xcdatamodel;
		};
/* End XCVersionGroup section */
	};
	rootObject = B2035A38227DD2AF00BE3863 /* Project object */;
}
